
Microsoft Visual Studio Solution File, Format Version 12.00
# Visual Studio Version 16
VisualStudioVersion = 16.0.31729.503
MinimumVisualStudioVersion = 10.0.40219.1
Project("{FAE04EC0-301F-11D3-BF4B-00C04F79EFBC}") = "Mechetiuc_Denisa_Lab8", "Mechetiuc_Denisa_Lab8.csproj", "{1DCA01F3-4202-47FE-89CB-26166BE30D33}"
EndProject
Global
	GlobalSection(SolutionConfigurationPlatforms) = preSolution
		Debug|Any CPU = Debug|Any CPU
		Release|Any CPU = Release|Any CPU
	EndGlobalSection
	GlobalSection(ProjectConfigurationPlatforms) = postSolution
		{1DCA01F3-4202-47FE-89CB-26166BE30D33}.Debug|Any CPU.ActiveCfg = Debug|Any CPU
		{1DCA01F3-4202-47FE-89CB-26166BE30D33}.Debug|Any CPU.Build.0 = Debug|Any CPU
		{1DCA01F3-4202-47FE-89CB-26166BE30D33}.Release|Any CPU.ActiveCfg = Release|Any CPU
		{1DCA01F3-4202-47FE-89CB-26166BE30D33}.Release|Any CPU.Build.0 = Release|Any CPU
	EndGlobalSection
	GlobalSection(SolutionProperties) = preSolution
		HideSolutionNode = FALSE
	EndGlobalSection
	GlobalSection(ExtensibilityGlobals) = postSolution
		SolutionGuid = {54814FFF-1979-49A6-BA9A-BAC0F284ED67}
	EndGlobalSection
EndGlobal
